
Microsoft Visual Studio Solution File, Format Version 12.00
# Visual Studio Version 16
VisualStudioVersion = 16.0.30011.22
MinimumVisualStudioVersion = 10.0.40219.1
Project("{9A19103F-16F7-4668-BE54-9A1E7A4F7556}") = "factory_pattern_without_if_case", "factory-pattern-without-if-case\factory_pattern_without_if_case.csproj", "{1E11A4C5-B01B-4FB6-830A-D4DE295391E5}"
EndProject
Global
	GlobalSection(SolutionConfigurationPlatforms) = preSolution
		Debug|Any CPU = Debug|Any CPU
		Release|Any CPU = Release|Any CPU
	EndGlobalSection
	GlobalSection(ProjectConfigurationPlatforms) = postSolution
		{1E11A4C5-B01B-4FB6-830A-D4DE295391E5}.Debug|Any CPU.ActiveCfg = Debug|Any CPU
		{1E11A4C5-B01B-4FB6-830A-D4DE295391E5}.Debug|Any CPU.Build.0 = Debug|Any CPU
		{1E11A4C5-B01B-4FB6-830A-D4DE295391E5}.Release|Any CPU.ActiveCfg = Release|Any CPU
		{1E11A4C5-B01B-4FB6-830A-D4DE295391E5}.Release|Any CPU.Build.0 = Release|Any CPU
	EndGlobalSection
	GlobalSection(SolutionProperties) = preSolution
		HideSolutionNode = FALSE
	EndGlobalSection
	GlobalSection(ExtensibilityGlobals) = postSolution
		SolutionGuid = {CD194CBC-35DD-4186-AA10-0E2A9F45C2AA}
	EndGlobalSection
EndGlobal
